
Microsoft Visual Studio Solution File, Format Version 12.00
# Visual Studio Version 17
VisualStudioVersion = 17.13.35919.96 d17.13
MinimumVisualStudioVersion = 10.0.40219.1
Project("{FAE04EC0-301F-11D3-BF4B-00C04F79EFBC}") = "Atbashs", "Atbashs.csproj", "{D981CB39-E872-4A08-BF02-9933FA2541B4}"
EndProject
Global
	GlobalSection(SolutionConfigurationPlatforms) = preSolution
		Debug|Any CPU = Debug|Any CPU
		Release|Any CPU = Release|Any CPU
	EndGlobalSection
	GlobalSection(ProjectConfigurationPlatforms) = postSolution
		{D981CB39-E872-4A08-BF02-9933FA2541B4}.Debug|Any CPU.ActiveCfg = Debug|Any CPU
		{D981CB39-E872-4A08-BF02-9933FA2541B4}.Debug|Any CPU.Build.0 = Debug|Any CPU
		{D981CB39-E872-4A08-BF02-9933FA2541B4}.Release|Any CPU.ActiveCfg = Release|Any CPU
		{D981CB39-E872-4A08-BF02-9933FA2541B4}.Release|Any CPU.Build.0 = Release|Any CPU
	EndGlobalSection
	GlobalSection(SolutionProperties) = preSolution
		HideSolutionNode = FALSE
	EndGlobalSection
	GlobalSection(ExtensibilityGlobals) = postSolution
		SolutionGuid = {7EFE46BA-FA15-4812-9440-CBCC98283F3E}
	EndGlobalSection
EndGlobal
